
Microsoft Visual Studio Solution File, Format Version 12.00
Project("{FAE04EC0-301F-11D3-BF4B-00C04F79EFBC}") = "CocktailPlanner", "CocktailPlanner\CocktailPlanner.csproj", "{20EBECBF-F2DE-4B33-BF77-3005F37C4EFD}"
EndProject
Global
	GlobalSection(SolutionConfigurationPlatforms) = preSolution
		Debug|Any CPU = Debug|Any CPU
		Release|Any CPU = Release|Any CPU
	EndGlobalSection
	GlobalSection(ProjectConfigurationPlatforms) = postSolution
		{20EBECBF-F2DE-4B33-BF77-3005F37C4EFD}.Debug|Any CPU.ActiveCfg = Debug|Any CPU
		{20EBECBF-F2DE-4B33-BF77-3005F37C4EFD}.Debug|Any CPU.Build.0 = Debug|Any CPU
		{20EBECBF-F2DE-4B33-BF77-3005F37C4EFD}.Release|Any CPU.ActiveCfg = Release|Any CPU
		{20EBECBF-F2DE-4B33-BF77-3005F37C4EFD}.Release|Any CPU.Build.0 = Release|Any CPU
	EndGlobalSection
EndGlobal
